
Microsoft Visual Studio Solution File, Format Version 12.00
# Visual Studio Version 17
VisualStudioVersion = 17.0.31903.59
MinimumVisualStudioVersion = 10.0.40219.1
Project("{2150E333-8FDC-42A3-9474-1A3956D46DE8}") = "src", "src", "{827E0CD3-B72D-47B6-A68D-7590B98EB39B}"
EndProject
Project("{FAE04EC0-301F-11D3-BF4B-00C04F79EFBC}") = "Contracts", "src\Contracts\Contracts.csproj", "{6237FD29-CD3A-4FD3-B59E-490290259B72}"
EndProject
Project("{FAE04EC0-301F-11D3-BF4B-00C04F79EFBC}") = "Users.Api", "src\Users.Api\Users.Api.csproj", "{2376B1FF-BF3C-4092-85CB-7F565F266120}"
EndProject
Project("{FAE04EC0-301F-11D3-BF4B-00C04F79EFBC}") = "Accrual.Api", "src\Accrual.Api\Accrual.Api.csproj", "{42C8F676-F034-4243-95BE-6A4C236C10F8}"
EndProject
Project("{FAE04EC0-301F-11D3-BF4B-00C04F79EFBC}") = "Wallet.Api", "src\Wallet.Api\Wallet.Api.csproj", "{D5E53B60-6525-4640-A6F5-89AC9F4E4E62}"
EndProject
Project("{2150E333-8FDC-42A3-9474-1A3956D46DE8}") = "tests", "tests", "{0AB3BF05-4346-4AA6-1389-037BE0695223}"
EndProject
Project("{FAE04EC0-301F-11D3-BF4B-00C04F79EFBC}") = "Accrual.UnitTests", "tests\Accrual.UnitTests\Accrual.UnitTests.csproj", "{7C9F84AD-EB2A-45B5-AE72-5B42B7020330}"
EndProject
Project("{FAE04EC0-301F-11D3-BF4B-00C04F79EFBC}") = "Users.UnitTests", "tests\Users.UnitTests\Users.UnitTests.csproj", "{58FE8E1D-EAC1-4522-88ED-B78B5A2D5299}"
EndProject
Project("{FAE04EC0-301F-11D3-BF4B-00C04F79EFBC}") = "Users.Domain", "src\Users.Domain\Users.Domain.csproj", "{3CC622C2-6EFF-49CD-A32F-6F842EBDE902}"
EndProject
Project("{FAE04EC0-301F-11D3-BF4B-00C04F79EFBC}") = "Users.Application", "src\Users.Application\Users.Application.csproj", "{130B90F1-D928-4AED-B7EC-1C79E7BE33D3}"
EndProject
Project("{FAE04EC0-301F-11D3-BF4B-00C04F79EFBC}") = "Users.Infrastructure", "src\Users.Infrastructure\Users.Infrastructure.csproj", "{BFC3C8E5-1DDE-4015-927B-752DB6C70E28}"
EndProject
Project("{FAE04EC0-301F-11D3-BF4B-00C04F79EFBC}") = "Accrual.Domain", "src\Accrual.Domain\Accrual.Domain.csproj", "{4A02BEE6-3D39-4B7E-854D-42072109F2FC}"
EndProject
Project("{FAE04EC0-301F-11D3-BF4B-00C04F79EFBC}") = "Accrual.Application", "src\Accrual.Application\Accrual.Application.csproj", "{C7D0849B-9E51-41D0-B1A0-73B525E817AE}"
EndProject
Project("{FAE04EC0-301F-11D3-BF4B-00C04F79EFBC}") = "Accrual.Infrastructure", "src\Accrual.Infrastructure\Accrual.Infrastructure.csproj", "{1A017EC8-CE82-49B7-9C47-F7C6D48511E8}"
EndProject
Project("{FAE04EC0-301F-11D3-BF4B-00C04F79EFBC}") = "Wallet.Domain", "src\Wallet.Domain\Wallet.Domain.csproj", "{2F172790-3FED-4455-9FFE-72A88778649E}"
EndProject
Project("{FAE04EC0-301F-11D3-BF4B-00C04F79EFBC}") = "Wallet.Application", "src\Wallet.Application\Wallet.Application.csproj", "{BB5B24D0-51A5-435F-B418-FBEDF640739A}"
EndProject
Project("{FAE04EC0-301F-11D3-BF4B-00C04F79EFBC}") = "Wallet.Infrastructure", "src\Wallet.Infrastructure\Wallet.Infrastructure.csproj", "{F2A5EB3B-5439-4B6E-97B3-1D932442243E}"
EndProject
Global
	GlobalSection(SolutionConfigurationPlatforms) = preSolution
		Debug|Any CPU = Debug|Any CPU
		Debug|x64 = Debug|x64
		Debug|x86 = Debug|x86
		Release|Any CPU = Release|Any CPU
		Release|x64 = Release|x64
		Release|x86 = Release|x86
	EndGlobalSection
	GlobalSection(ProjectConfigurationPlatforms) = postSolution
		{6237FD29-CD3A-4FD3-B59E-490290259B72}.Debug|Any CPU.ActiveCfg = Debug|Any CPU
		{6237FD29-CD3A-4FD3-B59E-490290259B72}.Debug|Any CPU.Build.0 = Debug|Any CPU
		{6237FD29-CD3A-4FD3-B59E-490290259B72}.Debug|x64.ActiveCfg = Debug|Any CPU
		{6237FD29-CD3A-4FD3-B59E-490290259B72}.Debug|x64.Build.0 = Debug|Any CPU
		{6237FD29-CD3A-4FD3-B59E-490290259B72}.Debug|x86.ActiveCfg = Debug|Any CPU
		{6237FD29-CD3A-4FD3-B59E-490290259B72}.Debug|x86.Build.0 = Debug|Any CPU
		{6237FD29-CD3A-4FD3-B59E-490290259B72}.Release|Any CPU.ActiveCfg = Release|Any CPU
		{6237FD29-CD3A-4FD3-B59E-490290259B72}.Release|Any CPU.Build.0 = Release|Any CPU
		{6237FD29-CD3A-4FD3-B59E-490290259B72}.Release|x64.ActiveCfg = Release|Any CPU
		{6237FD29-CD3A-4FD3-B59E-490290259B72}.Release|x64.Build.0 = Release|Any CPU
		{6237FD29-CD3A-4FD3-B59E-490290259B72}.Release|x86.ActiveCfg = Release|Any CPU
		{6237FD29-CD3A-4FD3-B59E-490290259B72}.Release|x86.Build.0 = Release|Any CPU
		{2376B1FF-BF3C-4092-85CB-7F565F266120}.Debug|Any CPU.ActiveCfg = Debug|Any CPU
		{2376B1FF-BF3C-4092-85CB-7F565F266120}.Debug|Any CPU.Build.0 = Debug|Any CPU
		{2376B1FF-BF3C-4092-85CB-7F565F266120}.Debug|x64.ActiveCfg = Debug|Any CPU
		{2376B1FF-BF3C-4092-85CB-7F565F266120}.Debug|x64.Build.0 = Debug|Any CPU
		{2376B1FF-BF3C-4092-85CB-7F565F266120}.Debug|x86.ActiveCfg = Debug|Any CPU
		{2376B1FF-BF3C-4092-85CB-7F565F266120}.Debug|x86.Build.0 = Debug|Any CPU
		{2376B1FF-BF3C-4092-85CB-7F565F266120}.Release|Any CPU.ActiveCfg = Release|Any CPU
		{2376B1FF-BF3C-4092-85CB-7F565F266120}.Release|Any CPU.Build.0 = Release|Any CPU
		{2376B1FF-BF3C-4092-85CB-7F565F266120}.Release|x64.ActiveCfg = Release|Any CPU
		{2376B1FF-BF3C-4092-85CB-7F565F266120}.Release|x64.Build.0 = Release|Any CPU
		{2376B1FF-BF3C-4092-85CB-7F565F266120}.Release|x86.ActiveCfg = Release|Any CPU
		{2376B1FF-BF3C-4092-85CB-7F565F266120}.Release|x86.Build.0 = Release|Any CPU
		{42C8F676-F034-4243-95BE-6A4C236C10F8}.Debug|Any CPU.ActiveCfg = Debug|Any CPU
		{42C8F676-F034-4243-95BE-6A4C236C10F8}.Debug|Any CPU.Build.0 = Debug|Any CPU
		{42C8F676-F034-4243-95BE-6A4C236C10F8}.Debug|x64.ActiveCfg = Debug|Any CPU
		{42C8F676-F034-4243-95BE-6A4C236C10F8}.Debug|x64.Build.0 = Debug|Any CPU
		{42C8F676-F034-4243-95BE-6A4C236C10F8}.Debug|x86.ActiveCfg = Debug|Any CPU
		{42C8F676-F034-4243-95BE-6A4C236C10F8}.Debug|x86.Build.0 = Debug|Any CPU
		{42C8F676-F034-4243-95BE-6A4C236C10F8}.Release|Any CPU.ActiveCfg = Release|Any CPU
		{42C8F676-F034-4243-95BE-6A4C236C10F8}.Release|Any CPU.Build.0 = Release|Any CPU
		{42C8F676-F034-4243-95BE-6A4C236C10F8}.Release|x64.ActiveCfg = Release|Any CPU
		{42C8F676-F034-4243-95BE-6A4C236C10F8}.Release|x64.Build.0 = Release|Any CPU
		{42C8F676-F034-4243-95BE-6A4C236C10F8}.Release|x86.ActiveCfg = Release|Any CPU
		{42C8F676-F034-4243-95BE-6A4C236C10F8}.Release|x86.Build.0 = Release|Any CPU
		{D5E53B60-6525-4640-A6F5-89AC9F4E4E62}.Debug|Any CPU.ActiveCfg = Debug|Any CPU
		{D5E53B60-6525-4640-A6F5-89AC9F4E4E62}.Debug|Any CPU.Build.0 = Debug|Any CPU
		{D5E53B60-6525-4640-A6F5-89AC9F4E4E62}.Debug|x64.ActiveCfg = Debug|Any CPU
		{D5E53B60-6525-4640-A6F5-89AC9F4E4E62}.Debug|x64.Build.0 = Debug|Any CPU
		{D5E53B60-6525-4640-A6F5-89AC9F4E4E62}.Debug|x86.ActiveCfg = Debug|Any CPU
		{D5E53B60-6525-4640-A6F5-89AC9F4E4E62}.Debug|x86.Build.0 = Debug|Any CPU
		{D5E53B60-6525-4640-A6F5-89AC9F4E4E62}.Release|Any CPU.ActiveCfg = Release|Any CPU
		{D5E53B60-6525-4640-A6F5-89AC9F4E4E62}.Release|Any CPU.Build.0 = Release|Any CPU
		{D5E53B60-6525-4640-A6F5-89AC9F4E4E62}.Release|x64.ActiveCfg = Release|Any CPU
		{D5E53B60-6525-4640-A6F5-89AC9F4E4E62}.Release|x64.Build.0 = Release|Any CPU
		{D5E53B60-6525-4640-A6F5-89AC9F4E4E62}.Release|x86.ActiveCfg = Release|Any CPU
		{D5E53B60-6525-4640-A6F5-89AC9F4E4E62}.Release|x86.Build.0 = Release|Any CPU
		{7C9F84AD-EB2A-45B5-AE72-5B42B7020330}.Debug|Any CPU.ActiveCfg = Debug|Any CPU
		{7C9F84AD-EB2A-45B5-AE72-5B42B7020330}.Debug|Any CPU.Build.0 = Debug|Any CPU
		{7C9F84AD-EB2A-45B5-AE72-5B42B7020330}.Debug|x64.ActiveCfg = Debug|Any CPU
		{7C9F84AD-EB2A-45B5-AE72-5B42B7020330}.Debug|x64.Build.0 = Debug|Any CPU
		{7C9F84AD-EB2A-45B5-AE72-5B42B7020330}.Debug|x86.ActiveCfg = Debug|Any CPU
		{7C9F84AD-EB2A-45B5-AE72-5B42B7020330}.Debug|x86.Build.0 = Debug|Any CPU
		{7C9F84AD-EB2A-45B5-AE72-5B42B7020330}.Release|Any CPU.ActiveCfg = Release|Any CPU
		{7C9F84AD-EB2A-45B5-AE72-5B42B7020330}.Release|Any CPU.Build.0 = Release|Any CPU
		{7C9F84AD-EB2A-45B5-AE72-5B42B7020330}.Release|x64.ActiveCfg = Release|Any CPU
		{7C9F84AD-EB2A-45B5-AE72-5B42B7020330}.Release|x64.Build.0 = Release|Any CPU
		{7C9F84AD-EB2A-45B5-AE72-5B42B7020330}.Release|x86.ActiveCfg = Release|Any CPU
		{7C9F84AD-EB2A-45B5-AE72-5B42B7020330}.Release|x86.Build.0 = Release|Any CPU
		{58FE8E1D-EAC1-4522-88ED-B78B5A2D5299}.Debug|Any CPU.ActiveCfg = Debug|Any CPU
		{58FE8E1D-EAC1-4522-88ED-B78B5A2D5299}.Debug|Any CPU.Build.0 = Debug|Any CPU
		{58FE8E1D-EAC1-4522-88ED-B78B5A2D5299}.Debug|x64.ActiveCfg = Debug|Any CPU
		{58FE8E1D-EAC1-4522-88ED-B78B5A2D5299}.Debug|x64.Build.0 = Debug|Any CPU
		{58FE8E1D-EAC1-4522-88ED-B78B5A2D5299}.Debug|x86.ActiveCfg = Debug|Any CPU
		{58FE8E1D-EAC1-4522-88ED-B78B5A2D5299}.Debug|x86.Build.0 = Debug|Any CPU
		{58FE8E1D-EAC1-4522-88ED-B78B5A2D5299}.Release|Any CPU.ActiveCfg = Release|Any CPU
		{58FE8E1D-EAC1-4522-88ED-B78B5A2D5299}.Release|Any CPU.Build.0 = Release|Any CPU
		{58FE8E1D-EAC1-4522-88ED-B78B5A2D5299}.Release|x64.ActiveCfg = Release|Any CPU
		{58FE8E1D-EAC1-4522-88ED-B78B5A2D5299}.Release|x64.Build.0 = Release|Any CPU
		{58FE8E1D-EAC1-4522-88ED-B78B5A2D5299}.Release|x86.ActiveCfg = Release|Any CPU
		{58FE8E1D-EAC1-4522-88ED-B78B5A2D5299}.Release|x86.Build.0 = Release|Any CPU
		{3CC622C2-6EFF-49CD-A32F-6F842EBDE902}.Debug|Any CPU.ActiveCfg = Debug|Any CPU
		{3CC622C2-6EFF-49CD-A32F-6F842EBDE902}.Debug|Any CPU.Build.0 = Debug|Any CPU
		{3CC622C2-6EFF-49CD-A32F-6F842EBDE902}.Debug|x64.ActiveCfg = Debug|Any CPU
		{3CC622C2-6EFF-49CD-A32F-6F842EBDE902}.Debug|x64.Build.0 = Debug|Any CPU
		{3CC622C2-6EFF-49CD-A32F-6F842EBDE902}.Debug|x86.ActiveCfg = Debug|Any CPU
		{3CC622C2-6EFF-49CD-A32F-6F842EBDE902}.Debug|x86.Build.0 = Debug|Any CPU
		{3CC622C2-6EFF-49CD-A32F-6F842EBDE902}.Release|Any CPU.ActiveCfg = Release|Any CPU
		{3CC622C2-6EFF-49CD-A32F-6F842EBDE902}.Release|Any CPU.Build.0 = Release|Any CPU
		{3CC622C2-6EFF-49CD-A32F-6F842EBDE902}.Release|x64.ActiveCfg = Release|Any CPU
		{3CC622C2-6EFF-49CD-A32F-6F842EBDE902}.Release|x64.Build.0 = Release|Any CPU
		{3CC622C2-6EFF-49CD-A32F-6F842EBDE902}.Release|x86.ActiveCfg = Release|Any CPU
		{3CC622C2-6EFF-49CD-A32F-6F842EBDE902}.Release|x86.Build.0 = Release|Any CPU
		{130B90F1-D928-4AED-B7EC-1C79E7BE33D3}.Debug|Any CPU.ActiveCfg = Debug|Any CPU
		{130B90F1-D928-4AED-B7EC-1C79E7BE33D3}.Debug|Any CPU.Build.0 = Debug|Any CPU
		{130B90F1-D928-4AED-B7EC-1C79E7BE33D3}.Debug|x64.ActiveCfg = Debug|Any CPU
		{130B90F1-D928-4AED-B7EC-1C79E7BE33D3}.Debug|x64.Build.0 = Debug|Any CPU
		{130B90F1-D928-4AED-B7EC-1C79E7BE33D3}.Debug|x86.ActiveCfg = Debug|Any CPU
		{130B90F1-D928-4AED-B7EC-1C79E7BE33D3}.Debug|x86.Build.0 = Debug|Any CPU
		{130B90F1-D928-4AED-B7EC-1C79E7BE33D3}.Release|Any CPU.ActiveCfg = Release|Any CPU
		{130B90F1-D928-4AED-B7EC-1C79E7BE33D3}.Release|Any CPU.Build.0 = Release|Any CPU
		{130B90F1-D928-4AED-B7EC-1C79E7BE33D3}.Release|x64.ActiveCfg = Release|Any CPU
		{130B90F1-D928-4AED-B7EC-1C79E7BE33D3}.Release|x64.Build.0 = Release|Any CPU
		{130B90F1-D928-4AED-B7EC-1C79E7BE33D3}.Release|x86.ActiveCfg = Release|Any CPU
		{130B90F1-D928-4AED-B7EC-1C79E7BE33D3}.Release|x86.Build.0 = Release|Any CPU
		{BFC3C8E5-1DDE-4015-927B-752DB6C70E28}.Debug|Any CPU.ActiveCfg = Debug|Any CPU
		{BFC3C8E5-1DDE-4015-927B-752DB6C70E28}.Debug|Any CPU.Build.0 = Debug|Any CPU
		{BFC3C8E5-1DDE-4015-927B-752DB6C70E28}.Debug|x64.ActiveCfg = Debug|Any CPU
		{BFC3C8E5-1DDE-4015-927B-752DB6C70E28}.Debug|x64.Build.0 = Debug|Any CPU
		{BFC3C8E5-1DDE-4015-927B-752DB6C70E28}.Debug|x86.ActiveCfg = Debug|Any CPU
		{BFC3C8E5-1DDE-4015-927B-752DB6C70E28}.Debug|x86.Build.0 = Debug|Any CPU
		{BFC3C8E5-1DDE-4015-927B-752DB6C70E28}.Release|Any CPU.ActiveCfg = Release|Any CPU
		{BFC3C8E5-1DDE-4015-927B-752DB6C70E28}.Release|Any CPU.Build.0 = Release|Any CPU
		{BFC3C8E5-1DDE-4015-927B-752DB6C70E28}.Release|x64.ActiveCfg = Release|Any CPU
		{BFC3C8E5-1DDE-4015-927B-752DB6C70E28}.Release|x64.Build.0 = Release|Any CPU
		{BFC3C8E5-1DDE-4015-927B-752DB6C70E28}.Release|x86.ActiveCfg = Release|Any CPU
		{BFC3C8E5-1DDE-4015-927B-752DB6C70E28}.Release|x86.Build.0 = Release|Any CPU
		{4A02BEE6-3D39-4B7E-854D-42072109F2FC}.Debug|Any CPU.ActiveCfg = Debug|Any CPU
		{4A02BEE6-3D39-4B7E-854D-42072109F2FC}.Debug|Any CPU.Build.0 = Debug|Any CPU
		{4A02BEE6-3D39-4B7E-854D-42072109F2FC}.Debug|x64.ActiveCfg = Debug|Any CPU
		{4A02BEE6-3D39-4B7E-854D-42072109F2FC}.Debug|x64.Build.0 = Debug|Any CPU
		{4A02BEE6-3D39-4B7E-854D-42072109F2FC}.Debug|x86.ActiveCfg = Debug|Any CPU
		{4A02BEE6-3D39-4B7E-854D-42072109F2FC}.Debug|x86.Build.0 = Debug|Any CPU
		{4A02BEE6-3D39-4B7E-854D-42072109F2FC}.Release|Any CPU.ActiveCfg = Release|Any CPU
		{4A02BEE6-3D39-4B7E-854D-42072109F2FC}.Release|Any CPU.Build.0 = Release|Any CPU
		{4A02BEE6-3D39-4B7E-854D-42072109F2FC}.Release|x64.ActiveCfg = Release|Any CPU
		{4A02BEE6-3D39-4B7E-854D-42072109F2FC}.Release|x64.Build.0 = Release|Any CPU
		{4A02BEE6-3D39-4B7E-854D-42072109F2FC}.Release|x86.ActiveCfg = Release|Any CPU
		{4A02BEE6-3D39-4B7E-854D-42072109F2FC}.Release|x86.Build.0 = Release|Any CPU
		{C7D0849B-9E51-41D0-B1A0-73B525E817AE}.Debug|Any CPU.ActiveCfg = Debug|Any CPU
		{C7D0849B-9E51-41D0-B1A0-73B525E817AE}.Debug|Any CPU.Build.0 = Debug|Any CPU
		{C7D0849B-9E51-41D0-B1A0-73B525E817AE}.Debug|x64.ActiveCfg = Debug|Any CPU
		{C7D0849B-9E51-41D0-B1A0-73B525E817AE}.Debug|x64.Build.0 = Debug|Any CPU
		{C7D0849B-9E51-41D0-B1A0-73B525E817AE}.Debug|x86.ActiveCfg = Debug|Any CPU
		{C7D0849B-9E51-41D0-B1A0-73B525E817AE}.Debug|x86.Build.0 = Debug|Any CPU
		{C7D0849B-9E51-41D0-B1A0-73B525E817AE}.Release|Any CPU.ActiveCfg = Release|Any CPU
		{C7D0849B-9E51-41D0-B1A0-73B525E817AE}.Release|Any CPU.Build.0 = Release|Any CPU
		{C7D0849B-9E51-41D0-B1A0-73B525E817AE}.Release|x64.ActiveCfg = Release|Any CPU
		{C7D0849B-9E51-41D0-B1A0-73B525E817AE}.Release|x64.Build.0 = Release|Any CPU
		{C7D0849B-9E51-41D0-B1A0-73B525E817AE}.Release|x86.ActiveCfg = Release|Any CPU
		{C7D0849B-9E51-41D0-B1A0-73B525E817AE}.Release|x86.Build.0 = Release|Any CPU
		{1A017EC8-CE82-49B7-9C47-F7C6D48511E8}.Debug|Any CPU.ActiveCfg = Debug|Any CPU
		{1A017EC8-CE82-49B7-9C47-F7C6D48511E8}.Debug|Any CPU.Build.0 = Debug|Any CPU
		{1A017EC8-CE82-49B7-9C47-F7C6D48511E8}.Debug|x64.ActiveCfg = Debug|Any CPU
		{1A017EC8-CE82-49B7-9C47-F7C6D48511E8}.Debug|x64.Build.0 = Debug|Any CPU
		{1A017EC8-CE82-49B7-9C47-F7C6D48511E8}.Debug|x86.ActiveCfg = Debug|Any CPU
		{1A017EC8-CE82-49B7-9C47-F7C6D48511E8}.Debug|x86.Build.0 = Debug|Any CPU
		{1A017EC8-CE82-49B7-9C47-F7C6D48511E8}.Release|Any CPU.ActiveCfg = Release|Any CPU
		{1A017EC8-CE82-49B7-9C47-F7C6D48511E8}.Release|Any CPU.Build.0 = Release|Any CPU
		{1A017EC8-CE82-49B7-9C47-F7C6D48511E8}.Release|x64.ActiveCfg = Release|Any CPU
		{1A017EC8-CE82-49B7-9C47-F7C6D48511E8}.Release|x64.Build.0 = Release|Any CPU
		{1A017EC8-CE82-49B7-9C47-F7C6D48511E8}.Release|x86.ActiveCfg = Release|Any CPU
		{1A017EC8-CE82-49B7-9C47-F7C6D48511E8}.Release|x86.Build.0 = Release|Any CPU
		{2F172790-3FED-4455-9FFE-72A88778649E}.Debug|Any CPU.ActiveCfg = Debug|Any CPU
		{2F172790-3FED-4455-9FFE-72A88778649E}.Debug|Any CPU.Build.0 = Debug|Any CPU
		{2F172790-3FED-4455-9FFE-72A88778649E}.Debug|x64.ActiveCfg = Debug|Any CPU
		{2F172790-3FED-4455-9FFE-72A88778649E}.Debug|x64.Build.0 = Debug|Any CPU
		{2F172790-3FED-4455-9FFE-72A88778649E}.Debug|x86.ActiveCfg = Debug|Any CPU
		{2F172790-3FED-4455-9FFE-72A88778649E}.Debug|x86.Build.0 = Debug|Any CPU
		{2F172790-3FED-4455-9FFE-72A88778649E}.Release|Any CPU.ActiveCfg = Release|Any CPU
		{2F172790-3FED-4455-9FFE-72A88778649E}.Release|Any CPU.Build.0 = Release|Any CPU
		{2F172790-3FED-4455-9FFE-72A88778649E}.Release|x64.ActiveCfg = Release|Any CPU
		{2F172790-3FED-4455-9FFE-72A88778649E}.Release|x64.Build.0 = Release|Any CPU
		{2F172790-3FED-4455-9FFE-72A88778649E}.Release|x86.ActiveCfg = Release|Any CPU
		{2F172790-3FED-4455-9FFE-72A88778649E}.Release|x86.Build.0 = Release|Any CPU
		{BB5B24D0-51A5-435F-B418-FBEDF640739A}.Debug|Any CPU.ActiveCfg = Debug|Any CPU
		{BB5B24D0-51A5-435F-B418-FBEDF640739A}.Debug|Any CPU.Build.0 = Debug|Any CPU
		{BB5B24D0-51A5-435F-B418-FBEDF640739A}.Debug|x64.ActiveCfg = Debug|Any CPU
		{BB5B24D0-51A5-435F-B418-FBEDF640739A}.Debug|x64.Build.0 = Debug|Any CPU
		{BB5B24D0-51A5-435F-B418-FBEDF640739A}.Debug|x86.ActiveCfg = Debug|Any CPU
		{BB5B24D0-51A5-435F-B418-FBEDF640739A}.Debug|x86.Build.0 = Debug|Any CPU
		{BB5B24D0-51A5-435F-B418-FBEDF640739A}.Release|Any CPU.ActiveCfg = Release|Any CPU
		{BB5B24D0-51A5-435F-B418-FBEDF640739A}.Release|Any CPU.Build.0 = Release|Any CPU
		{BB5B24D0-51A5-435F-B418-FBEDF640739A}.Release|x64.ActiveCfg = Release|Any CPU
		{BB5B24D0-51A5-435F-B418-FBEDF640739A}.Release|x64.Build.0 = Release|Any CPU
		{BB5B24D0-51A5-435F-B418-FBEDF640739A}.Release|x86.ActiveCfg = Release|Any CPU
		{BB5B24D0-51A5-435F-B418-FBEDF640739A}.Release|x86.Build.0 = Release|Any CPU
		{F2A5EB3B-5439-4B6E-97B3-1D932442243E}.Debug|Any CPU.ActiveCfg = Debug|Any CPU
		{F2A5EB3B-5439-4B6E-97B3-1D932442243E}.Debug|Any CPU.Build.0 = Debug|Any CPU
		{F2A5EB3B-5439-4B6E-97B3-1D932442243E}.Debug|x64.ActiveCfg = Debug|Any CPU
		{F2A5EB3B-5439-4B6E-97B3-1D932442243E}.Debug|x64.Build.0 = Debug|Any CPU
		{F2A5EB3B-5439-4B6E-97B3-1D932442243E}.Debug|x86.ActiveCfg = Debug|Any CPU
		{F2A5EB3B-5439-4B6E-97B3-1D932442243E}.Debug|x86.Build.0 = Debug|Any CPU
		{F2A5EB3B-5439-4B6E-97B3-1D932442243E}.Release|Any CPU.ActiveCfg = Release|Any CPU
		{F2A5EB3B-5439-4B6E-97B3-1D932442243E}.Release|Any CPU.Build.0 = Release|Any CPU
		{F2A5EB3B-5439-4B6E-97B3-1D932442243E}.Release|x64.ActiveCfg = Release|Any CPU
		{F2A5EB3B-5439-4B6E-97B3-1D932442243E}.Release|x64.Build.0 = Release|Any CPU
		{F2A5EB3B-5439-4B6E-97B3-1D932442243E}.Release|x86.ActiveCfg = Release|Any CPU
		{F2A5EB3B-5439-4B6E-97B3-1D932442243E}.Release|x86.Build.0 = Release|Any CPU
	EndGlobalSection
	GlobalSection(SolutionProperties) = preSolution
		HideSolutionNode = FALSE
	EndGlobalSection
	GlobalSection(NestedProjects) = preSolution
		{6237FD29-CD3A-4FD3-B59E-490290259B72} = {827E0CD3-B72D-47B6-A68D-7590B98EB39B}
		{2376B1FF-BF3C-4092-85CB-7F565F266120} = {827E0CD3-B72D-47B6-A68D-7590B98EB39B}
		{42C8F676-F034-4243-95BE-6A4C236C10F8} = {827E0CD3-B72D-47B6-A68D-7590B98EB39B}
		{D5E53B60-6525-4640-A6F5-89AC9F4E4E62} = {827E0CD3-B72D-47B6-A68D-7590B98EB39B}
		{7C9F84AD-EB2A-45B5-AE72-5B42B7020330} = {0AB3BF05-4346-4AA6-1389-037BE0695223}
		{58FE8E1D-EAC1-4522-88ED-B78B5A2D5299} = {0AB3BF05-4346-4AA6-1389-037BE0695223}
		{3CC622C2-6EFF-49CD-A32F-6F842EBDE902} = {827E0CD3-B72D-47B6-A68D-7590B98EB39B}
		{130B90F1-D928-4AED-B7EC-1C79E7BE33D3} = {827E0CD3-B72D-47B6-A68D-7590B98EB39B}
		{BFC3C8E5-1DDE-4015-927B-752DB6C70E28} = {827E0CD3-B72D-47B6-A68D-7590B98EB39B}
		{4A02BEE6-3D39-4B7E-854D-42072109F2FC} = {827E0CD3-B72D-47B6-A68D-7590B98EB39B}
		{C7D0849B-9E51-41D0-B1A0-73B525E817AE} = {827E0CD3-B72D-47B6-A68D-7590B98EB39B}
		{1A017EC8-CE82-49B7-9C47-F7C6D48511E8} = {827E0CD3-B72D-47B6-A68D-7590B98EB39B}
		{2F172790-3FED-4455-9FFE-72A88778649E} = {827E0CD3-B72D-47B6-A68D-7590B98EB39B}
		{BB5B24D0-51A5-435F-B418-FBEDF640739A} = {827E0CD3-B72D-47B6-A68D-7590B98EB39B}
		{F2A5EB3B-5439-4B6E-97B3-1D932442243E} = {827E0CD3-B72D-47B6-A68D-7590B98EB39B}
	EndGlobalSection
EndGlobal
