
Microsoft Visual Studio Solution File, Format Version 12.00
# Visual Studio Version 17
VisualStudioVersion = 17.0.31903.59
MinimumVisualStudioVersion = 10.0.40219.1
Project("{2150E333-8FDC-42A3-9474-1A3956D46DE8}") = "src", "src", "{827E0CD3-B72D-47B6-A68D-7590B98EB39B}"
EndProject
Project("{FAE04EC0-301F-11D3-BF4B-00C04F79EFBC}") = "Contracts", "src\Contracts\Contracts.csproj", "{6237FD29-CD3A-4FD3-B59E-490290259B72}"
EndProject
Project("{FAE04EC0-301F-11D3-BF4B-00C04F79EFBC}") = "Users.Api", "src\Users.Api\Users.Api.csproj", "{2376B1FF-BF3C-4092-85CB-7F565F266120}"
EndProject
Project("{FAE04EC0-301F-11D3-BF4B-00C04F79EFBC}") = "Accrual.Api", "src\Accrual.Api\Accrual.Api.csproj", "{42C8F676-F034-4243-95BE-6A4C236C10F8}"
EndProject
Project("{FAE04EC0-301F-11D3-BF4B-00C04F79EFBC}") = "Wallet.Api", "src\Wallet.Api\Wallet.Api.csproj", "{D5E53B60-6525-4640-A6F5-89AC9F4E4E62}"
EndProject
Project("{2150E333-8FDC-42A3-9474-1A3956D46DE8}") = "tests", "tests", "{0AB3BF05-4346-4AA6-1389-037BE0695223}"
EndProject
Project("{FAE04EC0-301F-11D3-BF4B-00C04F79EFBC}") = "Accrual.UnitTests", "tests\Accrual.UnitTests\Accrual.UnitTests.csproj", "{7C9F84AD-EB2A-45B5-AE72-5B42B7020330}"
EndProject
Project("{FAE04EC0-301F-11D3-BF4B-00C04F79EFBC}") = "Users.UnitTests", "tests\Users.UnitTests\Users.UnitTests.csproj", "{58FE8E1D-EAC1-4522-88ED-B78B5A2D5299}"
EndProject
Global
	GlobalSection(SolutionConfigurationPlatforms) = preSolution
		Debug|Any CPU = Debug|Any CPU
		Debug|x64 = Debug|x64
		Debug|x86 = Debug|x86
		Release|Any CPU = Release|Any CPU
		Release|x64 = Release|x64
		Release|x86 = Release|x86
	EndGlobalSection
	GlobalSection(ProjectConfigurationPlatforms) = postSolution
		{6237FD29-CD3A-4FD3-B59E-490290259B72}.Debug|Any CPU.ActiveCfg = Debug|Any CPU
		{6237FD29-CD3A-4FD3-B59E-490290259B72}.Debug|Any CPU.Build.0 = Debug|Any CPU
		{6237FD29-CD3A-4FD3-B59E-490290259B72}.Debug|x64.ActiveCfg = Debug|Any CPU
		{6237FD29-CD3A-4FD3-B59E-490290259B72}.Debug|x64.Build.0 = Debug|Any CPU
		{6237FD29-CD3A-4FD3-B59E-490290259B72}.Debug|x86.ActiveCfg = Debug|Any CPU
		{6237FD29-CD3A-4FD3-B59E-490290259B72}.Debug|x86.Build.0 = Debug|Any CPU
		{6237FD29-CD3A-4FD3-B59E-490290259B72}.Release|Any CPU.ActiveCfg = Release|Any CPU
		{6237FD29-CD3A-4FD3-B59E-490290259B72}.Release|Any CPU.Build.0 = Release|Any CPU
		{6237FD29-CD3A-4FD3-B59E-490290259B72}.Release|x64.ActiveCfg = Release|Any CPU
		{6237FD29-CD3A-4FD3-B59E-490290259B72}.Release|x64.Build.0 = Release|Any CPU
		{6237FD29-CD3A-4FD3-B59E-490290259B72}.Release|x86.ActiveCfg = Release|Any CPU
		{6237FD29-CD3A-4FD3-B59E-490290259B72}.Release|x86.Build.0 = Release|Any CPU
		{2376B1FF-BF3C-4092-85CB-7F565F266120}.Debug|Any CPU.ActiveCfg = Debug|Any CPU
		{2376B1FF-BF3C-4092-85CB-7F565F266120}.Debug|Any CPU.Build.0 = Debug|Any CPU
		{2376B1FF-BF3C-4092-85CB-7F565F266120}.Debug|x64.ActiveCfg = Debug|Any CPU
		{2376B1FF-BF3C-4092-85CB-7F565F266120}.Debug|x64.Build.0 = Debug|Any CPU
		{2376B1FF-BF3C-4092-85CB-7F565F266120}.Debug|x86.ActiveCfg = Debug|Any CPU
		{2376B1FF-BF3C-4092-85CB-7F565F266120}.Debug|x86.Build.0 = Debug|Any CPU
		{2376B1FF-BF3C-4092-85CB-7F565F266120}.Release|Any CPU.ActiveCfg = Release|Any CPU
		{2376B1FF-BF3C-4092-85CB-7F565F266120}.Release|Any CPU.Build.0 = Release|Any CPU
		{2376B1FF-BF3C-4092-85CB-7F565F266120}.Release|x64.ActiveCfg = Release|Any CPU
		{2376B1FF-BF3C-4092-85CB-7F565F266120}.Release|x64.Build.0 = Release|Any CPU
		{2376B1FF-BF3C-4092-85CB-7F565F266120}.Release|x86.ActiveCfg = Release|Any CPU
		{2376B1FF-BF3C-4092-85CB-7F565F266120}.Release|x86.Build.0 = Release|Any CPU
		{42C8F676-F034-4243-95BE-6A4C236C10F8}.Debug|Any CPU.ActiveCfg = Debug|Any CPU
		{42C8F676-F034-4243-95BE-6A4C236C10F8}.Debug|Any CPU.Build.0 = Debug|Any CPU
		{42C8F676-F034-4243-95BE-6A4C236C10F8}.Debug|x64.ActiveCfg = Debug|Any CPU
		{42C8F676-F034-4243-95BE-6A4C236C10F8}.Debug|x64.Build.0 = Debug|Any CPU
		{42C8F676-F034-4243-95BE-6A4C236C10F8}.Debug|x86.ActiveCfg = Debug|Any CPU
		{42C8F676-F034-4243-95BE-6A4C236C10F8}.Debug|x86.Build.0 = Debug|Any CPU
		{42C8F676-F034-4243-95BE-6A4C236C10F8}.Release|Any CPU.ActiveCfg = Release|Any CPU
		{42C8F676-F034-4243-95BE-6A4C236C10F8}.Release|Any CPU.Build.0 = Release|Any CPU
		{42C8F676-F034-4243-95BE-6A4C236C10F8}.Release|x64.ActiveCfg = Release|Any CPU
		{42C8F676-F034-4243-95BE-6A4C236C10F8}.Release|x64.Build.0 = Release|Any CPU
		{42C8F676-F034-4243-95BE-6A4C236C10F8}.Release|x86.ActiveCfg = Release|Any CPU
		{42C8F676-F034-4243-95BE-6A4C236C10F8}.Release|x86.Build.0 = Release|Any CPU
		{D5E53B60-6525-4640-A6F5-89AC9F4E4E62}.Debug|Any CPU.ActiveCfg = Debug|Any CPU
		{D5E53B60-6525-4640-A6F5-89AC9F4E4E62}.Debug|Any CPU.Build.0 = Debug|Any CPU
		{D5E53B60-6525-4640-A6F5-89AC9F4E4E62}.Debug|x64.ActiveCfg = Debug|Any CPU
		{D5E53B60-6525-4640-A6F5-89AC9F4E4E62}.Debug|x64.Build.0 = Debug|Any CPU
		{D5E53B60-6525-4640-A6F5-89AC9F4E4E62}.Debug|x86.ActiveCfg = Debug|Any CPU
		{D5E53B60-6525-4640-A6F5-89AC9F4E4E62}.Debug|x86.Build.0 = Debug|Any CPU
		{D5E53B60-6525-4640-A6F5-89AC9F4E4E62}.Release|Any CPU.ActiveCfg = Release|Any CPU
		{D5E53B60-6525-4640-A6F5-89AC9F4E4E62}.Release|Any CPU.Build.0 = Release|Any CPU
		{D5E53B60-6525-4640-A6F5-89AC9F4E4E62}.Release|x64.ActiveCfg = Release|Any CPU
		{D5E53B60-6525-4640-A6F5-89AC9F4E4E62}.Release|x64.Build.0 = Release|Any CPU
		{D5E53B60-6525-4640-A6F5-89AC9F4E4E62}.Release|x86.ActiveCfg = Release|Any CPU
		{D5E53B60-6525-4640-A6F5-89AC9F4E4E62}.Release|x86.Build.0 = Release|Any CPU
		{7C9F84AD-EB2A-45B5-AE72-5B42B7020330}.Debug|Any CPU.ActiveCfg = Debug|Any CPU
		{7C9F84AD-EB2A-45B5-AE72-5B42B7020330}.Debug|Any CPU.Build.0 = Debug|Any CPU
		{7C9F84AD-EB2A-45B5-AE72-5B42B7020330}.Debug|x64.ActiveCfg = Debug|Any CPU
		{7C9F84AD-EB2A-45B5-AE72-5B42B7020330}.Debug|x64.Build.0 = Debug|Any CPU
		{7C9F84AD-EB2A-45B5-AE72-5B42B7020330}.Debug|x86.ActiveCfg = Debug|Any CPU
		{7C9F84AD-EB2A-45B5-AE72-5B42B7020330}.Debug|x86.Build.0 = Debug|Any CPU
		{7C9F84AD-EB2A-45B5-AE72-5B42B7020330}.Release|Any CPU.ActiveCfg = Release|Any CPU
		{7C9F84AD-EB2A-45B5-AE72-5B42B7020330}.Release|Any CPU.Build.0 = Release|Any CPU
		{7C9F84AD-EB2A-45B5-AE72-5B42B7020330}.Release|x64.ActiveCfg = Release|Any CPU
		{7C9F84AD-EB2A-45B5-AE72-5B42B7020330}.Release|x64.Build.0 = Release|Any CPU
		{7C9F84AD-EB2A-45B5-AE72-5B42B7020330}.Release|x86.ActiveCfg = Release|Any CPU
		{7C9F84AD-EB2A-45B5-AE72-5B42B7020330}.Release|x86.Build.0 = Release|Any CPU
		{58FE8E1D-EAC1-4522-88ED-B78B5A2D5299}.Debug|Any CPU.ActiveCfg = Debug|Any CPU
		{58FE8E1D-EAC1-4522-88ED-B78B5A2D5299}.Debug|Any CPU.Build.0 = Debug|Any CPU
		{58FE8E1D-EAC1-4522-88ED-B78B5A2D5299}.Debug|x64.ActiveCfg = Debug|Any CPU
		{58FE8E1D-EAC1-4522-88ED-B78B5A2D5299}.Debug|x64.Build.0 = Debug|Any CPU
		{58FE8E1D-EAC1-4522-88ED-B78B5A2D5299}.Debug|x86.ActiveCfg = Debug|Any CPU
		{58FE8E1D-EAC1-4522-88ED-B78B5A2D5299}.Debug|x86.Build.0 = Debug|Any CPU
		{58FE8E1D-EAC1-4522-88ED-B78B5A2D5299}.Release|Any CPU.ActiveCfg = Release|Any CPU
		{58FE8E1D-EAC1-4522-88ED-B78B5A2D5299}.Release|Any CPU.Build.0 = Release|Any CPU
		{58FE8E1D-EAC1-4522-88ED-B78B5A2D5299}.Release|x64.ActiveCfg = Release|Any CPU
		{58FE8E1D-EAC1-4522-88ED-B78B5A2D5299}.Release|x64.Build.0 = Release|Any CPU
		{58FE8E1D-EAC1-4522-88ED-B78B5A2D5299}.Release|x86.ActiveCfg = Release|Any CPU
		{58FE8E1D-EAC1-4522-88ED-B78B5A2D5299}.Release|x86.Build.0 = Release|Any CPU
	EndGlobalSection
	GlobalSection(SolutionProperties) = preSolution
		HideSolutionNode = FALSE
	EndGlobalSection
	GlobalSection(NestedProjects) = preSolution
		{6237FD29-CD3A-4FD3-B59E-490290259B72} = {827E0CD3-B72D-47B6-A68D-7590B98EB39B}
		{2376B1FF-BF3C-4092-85CB-7F565F266120} = {827E0CD3-B72D-47B6-A68D-7590B98EB39B}
		{42C8F676-F034-4243-95BE-6A4C236C10F8} = {827E0CD3-B72D-47B6-A68D-7590B98EB39B}
		{D5E53B60-6525-4640-A6F5-89AC9F4E4E62} = {827E0CD3-B72D-47B6-A68D-7590B98EB39B}
		{7C9F84AD-EB2A-45B5-AE72-5B42B7020330} = {0AB3BF05-4346-4AA6-1389-037BE0695223}
		{58FE8E1D-EAC1-4522-88ED-B78B5A2D5299} = {0AB3BF05-4346-4AA6-1389-037BE0695223}
	EndGlobalSection
EndGlobal
